// !$*UTF8*$!
{
	archiveVersion = 1;
	classes = {
	};
	objectVersion = 50;
	objects = {

/* Begin PBXBuildFile section */
		249D761323C4D19700C1A353 /* AppDelegate.swift in Sources */ = {isa = PBXBuildFile; fileRef = 249D761223C4D19700C1A353 /* AppDelegate.swift */; };
		249D761523C4D19700C1A353 /* SceneDelegate.swift in Sources */ = {isa = PBXBuildFile; fileRef = 249D761423C4D19700C1A353 /* SceneDelegate.swift */; };
		249D761723C4D19700C1A353 /* ContentView.swift in Sources */ = {isa = PBXBuildFile; fileRef = 249D761623C4D19700C1A353 /* ContentView.swift */; };
		249D761923C4D19A00C1A353 /* Assets.xcassets in Resources */ = {isa = PBXBuildFile; fileRef = 249D761823C4D19A00C1A353 /* Assets.xcassets */; };
		249D761C23C4D19A00C1A353 /* Preview Assets.xcassets in Resources */ = {isa = PBXBuildFile; fileRef = 249D761B23C4D19A00C1A353 /* Preview Assets.xcassets */; };
		249D761F23C4D19A00C1A353 /* LaunchScreen.storyboard in Resources */ = {isa = PBXBuildFile; fileRef = 249D761D23C4D19A00C1A353 /* LaunchScreen.storyboard */; };
		249D762723C4D1E000C1A353 /* NavigationTitleView.swift in Sources */ = {isa = PBXBuildFile; fileRef = 249D762623C4D1E000C1A353 /* NavigationTitleView.swift */; };
/* End PBXBuildFile section */

/* Begin PBXFileReference section */
		249D760F23C4D19700C1A353 /* SwiftUINavigationTitleViewTest.app */ = {isa = PBXFileReference; explicitFileType = wrapper.application; includeInIndex = 0; path = SwiftUINavigationTitleViewTest.app; sourceTree = BUILT_PRODUCTS_DIR; };
		249D761223C4D19700C1A353 /* AppDelegate.swift */ = {isa = PBXFileReference; lastKnownFileType = sourcecode.swift; path = AppDelegate.swift; sourceTree = "<group>"; };
		249D761423C4D19700C1A353 /* SceneDelegate.swift */ = {isa = PBXFileReference; lastKnownFileType = sourcecode.swift; path = SceneDelegate.swift; sourceTree = "<group>"; };
		249D761623C4D19700C1A353 /* ContentView.swift */ = {isa = PBXFileReference; lastKnownFileType = sourcecode.swift; path = ContentView.swift; sourceTree = "<group>"; };
		249D761823C4D19A00C1A353 /* Assets.xcassets */ = {isa = PBXFileReference; lastKnownFileType = folder.assetcatalog; path = Assets.xcassets; sourceTree = "<group>"; };
		249D761B23C4D19A00C1A353 /* Preview Assets.xcassets */ = {isa = PBXFileReference; lastKnownFileType = folder.assetcatalog; path = "Preview Assets.xcassets"; sourceTree = "<group>"; };
		249D761E23C4D19A00C1A353 /* Base */ = {isa = PBXFileReference; lastKnownFileType = file.storyboard; name = Base; path = Base.lproj/LaunchScreen.storyboard; sourceTree = "<group>"; };
		249D762023C4D19A00C1A353 /* Info.plist */ = {isa = PBXFileReference; lastKnownFileType = text.plist.xml; path = Info.plist; sourceTree = "<group>"; };
		249D762623C4D1E000C1A353 /* NavigationTitleView.swift */ = {isa = PBXFileReference; lastKnownFileType = sourcecode.swift; path = NavigationTitleView.swift; sourceTree = "<group>"; };
/* End PBXFileReference section */

/* Begin PBXFrameworksBuildPhase section */
		249D760C23C4D19700C1A353 /* Frameworks */ = {
			isa = PBXFrameworksBuildPhase;
			buildActionMask = 2147483647;
			files = (
			);
			runOnlyForDeploymentPostprocessing = 0;
		};
/* End PBXFrameworksBuildPhase section */

/* Begin PBXGroup section */
		249D760623C4D19700C1A353 = {
			isa = PBXGroup;
			children = (
				249D761123C4D19700C1A353 /* SwiftUINavigationTitleViewTest */,
				249D761023C4D19700C1A353 /* Products */,
			);
			sourceTree = "<group>";
		};
		249D761023C4D19700C1A353 /* Products */ = {
			isa = PBXGroup;
			children = (
				249D760F23C4D19700C1A353 /* SwiftUINavigationTitleViewTest.app */,
			);
			name = Products;
			sourceTree = "<group>";
		};
		249D761123C4D19700C1A353 /* SwiftUINavigationTitleViewTest */ = {
			isa = PBXGroup;
			children = (
				249D761223C4D19700C1A353 /* AppDelegate.swift */,
				249D761423C4D19700C1A353 /* SceneDelegate.swift */,
				249D761623C4D19700C1A353 /* ContentView.swift */,
				249D762623C4D1E000C1A353 /* NavigationTitleView.swift */,
				249D761823C4D19A00C1A353 /* Assets.xcassets */,
				249D761D23C4D19A00C1A353 /* LaunchScreen.storyboard */,
				249D762023C4D19A00C1A353 /* Info.plist */,
				249D761A23C4D19A00C1A353 /* Preview Content */,
			);
			path = SwiftUINavigationTitleViewTest;
			sourceTree = "<group>";
		};
		249D761A23C4D19A00C1A353 /* Preview Content */ = {
			isa = PBXGroup;
			children = (
				249D761B23C4D19A00C1A353 /* Preview Assets.xcassets */,
			);
			path = "Preview Content";
			sourceTree = "<group>";
		};
/* End PBXGroup section */

/* Begin PBXNativeTarget section */
		249D760E23C4D19700C1A353 /* SwiftUINavigationTitleViewTest */ = {
			isa = PBXNativeTarget;
			buildConfigurationList = 249D762323C4D19A00C1A353 /* Build configuration list for PBXNativeTarget "SwiftUINavigationTitleViewTest" */;
			buildPhases = (
				249D760B23C4D19700C1A353 /* Sources */,
				249D760C23C4D19700C1A353 /* Frameworks */,
				249D760D23C4D19700C1A353 /* Resources */,
			);
			buildRules = (
			);
			dependencies = (
			);
			name = SwiftUINavigationTitleViewTest;
			productName = SwiftUINavigationTitleViewTest;
			productReference = 249D760F23C4D19700C1A353 /* SwiftUINavigationTitleViewTest.app */;
			productType = "com.apple.product-type.application";
		};
/* End PBXNativeTarget section */

/* Begin PBXProject section */
		249D760723C4D19700C1A353 /* Project object */ = {
			isa = PBXProject;
			attributes = {
				LastSwiftUpdateCheck = 1130;
				LastUpgradeCheck = 1130;
				ORGANIZATIONNAME = "Daniel Tull";
				TargetAttributes = {
					249D760E23C4D19700C1A353 = {
						CreatedOnToolsVersion = 11.3;
					};
				};
			};
			buildConfigurationList = 249D760A23C4D19700C1A353 /* Build configuration list for PBXProject "SwiftUINavigationTitleViewTest" */;
			compatibilityVersion = "Xcode 9.3";
			developmentRegion = en;
			hasScannedForEncodings = 0;
			knownRegions = (
				en,
				Base,
			);
			mainGroup = 249D760623C4D19700C1A353;
			productRefGroup = 249D761023C4D19700C1A353 /* Products */;
			projectDirPath = "";
			projectRoot = "";
			targets = (
				249D760E23C4D19700C1A353 /* SwiftUINavigationTitleViewTest */,
			);
		};
/* End PBXProject section */

/* Begin PBXResourcesBuildPhase section */
		249D760D23C4D19700C1A353 /* Resources */ = {
			isa = PBXResourcesBuildPhase;
			buildActionMask = 2147483647;
			files = (
				249D761F23C4D19A00C1A353 /* LaunchScreen.storyboard in Resources */,
				249D761C23C4D19A00C1A353 /* Preview Assets.xcassets in Resources */,
				249D761923C4D19A00C1A353 /* Assets.xcassets in Resources */,
			);
			runOnlyForDeploymentPostprocessing = 0;
		};
/* End PBXResourcesBuildPhase section */

/* Begin PBXSourcesBuildPhase section */
		249D760B23C4D19700C1A353 /* Sources */ = {
			isa = PBXSourcesBuildPhase;
			buildActionMask = 2147483647;
			files = (
				249D761323C4D19700C1A353 /* AppDelegate.swift in Sources */,
				249D762723C4D1E000C1A353 /* NavigationTitleView.swift in Sources */,
				249D761523C4D19700C1A353 /* SceneDelegate.swift in Sources */,
				249D761723C4D19700C1A353 /* ContentView.swift in Sources */,
			);
			runOnlyForDeploymentPostprocessing = 0;
		};
/* End PBXSourcesBuildPhase section */

/* Begin PBXVariantGroup section */
		249D761D23C4D19A00C1A353 /* LaunchScreen.storyboard */ = {
			isa = PBXVariantGroup;
			children = (
				249D761E23C4D19A00C1A353 /* Base */,
			);
			name = LaunchScreen.storyboard;
			sourceTree = "<group>";
		};
/* End PBXVariantGroup section */

/* Begin XCBuildConfiguration section */
		249D762123C4D19A00C1A353 /* Debug */ = {
			isa = XCBuildConfiguration;
			buildSettings = {
				ALWAYS_SEARCH_USER_PATHS = NO;
				CLANG_ANALYZER_NONNULL = YES;
				CLANG_ANALYZER_NUMBER_OBJECT_CONVERSION = YES_AGGRESSIVE;
				CLANG_CXX_LANGUAGE_STANDARD = "gnu++14";
				CLANG_CXX_LIBRARY = "libc++";
				CLANG_ENABLE_MODULES = YES;
				CLANG_ENABLE_OBJC_ARC = YES;
				CLANG_ENABLE_OBJC_WEAK = YES;
				CLANG_WARN_BLOCK_CAPTURE_AUTORELEASING = YES;
				CLANG_WARN_BOOL_CONVERSION = YES;
				CLANG_WARN_COMMA = YES;
				CLANG_WARN_CONSTANT_CONVERSION = YES;
				CLANG_WARN_DEPRECATED_OBJC_IMPLEMENTATIONS = YES;
				CLANG_WARN_DIRECT_OBJC_ISA_USAGE = YES_ERROR;
				CLANG_WARN_DOCUMENTATION_COMMENTS = YES;
				CLANG_WARN_EMPTY_BODY = YES;
				CLANG_WARN_ENUM_CONVERSION = YES;
				CLANG_WARN_INFINITE_RECURSION = YES;
				CLANG_WARN_INT_CONVERSION = YES;
				CLANG_WARN_NON_LITERAL_NULL_CONVERSION = YES;
				CLANG_WARN_OBJC_IMPLICIT_RETAIN_SELF = YES;
				CLANG_WARN_OBJC_LITERAL_CONVERSION = YES;
				CLANG_WARN_OBJC_ROOT_CLASS = YES_ERROR;
				CLANG_WARN_RANGE_LOOP_ANALYSIS = YES;
				CLANG_WARN_STRICT_PROTOTYPES = YES;
				CLANG_WARN_SUSPICIOUS_MOVE = YES;
				CLANG_WARN_UNGUARDED_AVAILABILITY = YES_AGGRESSIVE;
				CLANG_WARN_UNREACHABLE_CODE = YES;
				CLANG_WARN__DUPLICATE_METHOD_MATCH = YES;
				COPY_PHASE_STRIP = NO;
				DEBUG_INFORMATION_FORMAT = dwarf;
				ENABLE_STRICT_OBJC_MSGSEND = YES;
				ENABLE_TESTABILITY = YES;
				GCC_C_LANGUAGE_STANDARD = gnu11;
				GCC_DYNAMIC_NO_PIC = NO;
				GCC_NO_COMMON_BLOCKS = YES;
				GCC_OPTIMIZATION_LEVEL = 0;
				GCC_PREPROCESSOR_DEFINITIONS = (
					"DEBUG=1",
					"$(inherited)",
				);
				GCC_WARN_64_TO_32_BIT_CONVERSION = YES;
				GCC_WARN_ABOUT_RETURN_TYPE = YES_ERROR;
				GCC_WARN_UNDECLARED_SELECTOR = YES;
				GCC_WARN_UNINITIALIZED_AUTOS = YES_AGGRESSIVE;
				GCC_WARN_UNUSED_FUNCTION = YES;
				GCC_WARN_UNUSED_VARIABLE = YES;
				IPHONEOS_DEPLOYMENT_TARGET = 13.2;
				MTL_ENABLE_DEBUG_INFO = INCLUDE_SOURCE;
				MTL_FAST_MATH = YES;
				ONLY_ACTIVE_ARCH = YES;
				SDKROOT = iphoneos;
				SWIFT_ACTIVE_COMPILATION_CONDITIONS = DEBUG;
				SWIFT_OPTIMIZATION_LEVEL = "-Onone";
			};
			name = Debug;
		};
		249D762223C4D19A00C1A353 /* Release */ = {
			isa = XCBuildConfiguration;
			buildSettings = {
				ALWAYS_SEARCH_USER_PATHS = NO;
				CLANG_ANALYZER_NONNULL = YES;
				CLANG_ANALYZER_NUMBER_OBJECT_CONVERSION = YES_AGGRESSIVE;
				CLANG_CXX_LANGUAGE_STANDARD = "gnu++14";
				CLANG_CXX_LIBRARY = "libc++";
				CLANG_ENABLE_MODULES = YES;
				CLANG_ENABLE_OBJC_ARC = YES;
				CLANG_ENABLE_OBJC_WEAK = YES;
				CLANG_WARN_BLOCK_CAPTURE_AUTORELEASING = YES;
				CLANG_WARN_BOOL_CONVERSION = YES;
				CLANG_WARN_COMMA = YES;
				CLANG_WARN_CONSTANT_CONVERSION = YES;
				CLANG_WARN_DEPRECATED_OBJC_IMPLEMENTATIONS = YES;
				CLANG_WARN_DIRECT_OBJC_ISA_USAGE = YES_ERROR;
				CLANG_WARN_DOCUMENTATION_COMMENTS = YES;
				CLANG_WARN_EMPTY_BODY = YES;
				CLANG_WARN_ENUM_CONVERSION = YES;
				CLANG_WARN_INFINITE_RECURSION = YES;
				CLANG_WARN_INT_CONVERSION = YES;
				CLANG_WARN_NON_LITERAL_NULL_CONVERSION = YES;
				CLANG_WARN_OBJC_IMPLICIT_RETAIN_SELF = YES;
				CLANG_WARN_OBJC_LITERAL_CONVERSION = YES;
				CLANG_WARN_OBJC_ROOT_CLASS = YES_ERROR;
				CLANG_WARN_RANGE_LOOP_ANALYSIS = YES;
				CLANG_WARN_STRICT_PROTOTYPES = YES;
				CLANG_WARN_SUSPICIOUS_MOVE = YES;
				CLANG_WARN_UNGUARDED_AVAILABILITY = YES_AGGRESSIVE;
				CLANG_WARN_UNREACHABLE_CODE = YES;
				CLANG_WARN__DUPLICATE_METHOD_MATCH = YES;
				COPY_PHASE_STRIP = NO;
				DEBUG_INFORMATION_FORMAT = "dwarf-with-dsym";
				ENABLE_NS_ASSERTIONS = NO;
				ENABLE_STRICT_OBJC_MSGSEND = YES;
				GCC_C_LANGUAGE_STANDARD = gnu11;
				GCC_NO_COMMON_BLOCKS = YES;
				GCC_WARN_64_TO_32_BIT_CONVERSION = YES;
				GCC_WARN_ABOUT_RETURN_TYPE = YES_ERROR;
				GCC_WARN_UNDECLARED_SELECTOR = YES;
				GCC_WARN_UNINITIALIZED_AUTOS = YES_AGGRESSIVE;
				GCC_WARN_UNUSED_FUNCTION = YES;
				GCC_WARN_UNUSED_VARIABLE = YES;
				IPHONEOS_DEPLOYMENT_TARGET = 13.2;
				MTL_ENABLE_DEBUG_INFO = NO;
				MTL_FAST_MATH = YES;
				SDKROOT = iphoneos;
				SWIFT_COMPILATION_MODE = wholemodule;
				SWIFT_OPTIMIZATION_LEVEL = "-O";
				VALIDATE_PRODUCT = YES;
			};
			name = Release;
		};
		249D762423C4D19A00C1A353 /* Debug */ = {
			isa = XCBuildConfiguration;
			buildSettings = {
				ASSETCATALOG_COMPILER_APPICON_NAME = AppIcon;
				CODE_SIGN_STYLE = Automatic;
				DEVELOPMENT_ASSET_PATHS = "\"SwiftUINavigationTitleViewTest/Preview Content\"";
				DEVELOPMENT_TEAM = B2M757K4LG;
				ENABLE_PREVIEWS = YES;
				INFOPLIST_FILE = SwiftUINavigationTitleViewTest/Info.plist;
				LD_RUNPATH_SEARCH_PATHS = (
					"$(inherited)",
					"@executable_path/Frameworks",
				);
				PRODUCT_BUNDLE_IDENTIFIER = uk.co.danieltull.SwiftUINavigationTitleViewTest;
				PRODUCT_NAME = "$(TARGET_NAME)";
				SWIFT_VERSION = 5.0;
				TARGETED_DEVICE_FAMILY = "1,2";
			};
			name = Debug;
		};
		249D762523C4D19A00C1A353 /* Release */ = {
			isa = XCBuildConfiguration;
			buildSettings = {
				ASSETCATALOG_COMPILER_APPICON_NAME = AppIcon;
				CODE_SIGN_STYLE = Automatic;
				DEVELOPMENT_ASSET_PATHS = "\"SwiftUINavigationTitleViewTest/Preview Content\"";
				DEVELOPMENT_TEAM = B2M757K4LG;
				ENABLE_PREVIEWS = YES;
				INFOPLIST_FILE = SwiftUINavigationTitleViewTest/Info.plist;
				LD_RUNPATH_SEARCH_PATHS = (
					"$(inherited)",
					"@executable_path/Frameworks",
				);
				PRODUCT_BUNDLE_IDENTIFIER = uk.co.danieltull.SwiftUINavigationTitleViewTest;
				PRODUCT_NAME = "$(TARGET_NAME)";
				SWIFT_VERSION = 5.0;
				TARGETED_DEVICE_FAMILY = "1,2";
			};
			name = Release;
		};
/* End XCBuildConfiguration section */

/* Begin XCConfigurationList section */
		249D760A23C4D19700C1A353 /* Build configuration list for PBXProject "SwiftUINavigationTitleViewTest" */ = {
			isa = XCConfigurationList;
			buildConfigurations = (
				249D762123C4D19A00C1A353 /* Debug */,
				249D762223C4D19A00C1A353 /* Release */,
			);
			defaultConfigurationIsVisible = 0;
			defaultConfigurationName = Release;
		};
		249D762323C4D19A00C1A353 /* Build configuration list for PBXNativeTarget "SwiftUINavigationTitleViewTest" */ = {
			isa = XCConfigurationList;
			buildConfigurations = (
				249D762423C4D19A00C1A353 /* Debug */,
				249D762523C4D19A00C1A353 /* Release */,
			);
			defaultConfigurationIsVisible = 0;
			defaultConfigurationName = Release;
		};
/* End XCConfigurationList section */
	};
	rootObject = 249D760723C4D19700C1A353 /* Project object */;
}
